// !$*UTF8*$!
{
	archiveVersion = 1;
	classes = {
	};
	objectVersion = 56;
	objects = {

/* Begin PBXBuildFile section */
		3F8AE3222AA785A40091D95C /* AppDelegate.m in Sources */ = {isa = PBXBuildFile; fileRef = 3F8AE3212AA785A40091D95C /* AppDelegate.m */; };
		3F8AE3252AA785A40091D95C /* SceneDelegate.m in Sources */ = {isa = PBXBuildFile; fileRef = 3F8AE3242AA785A40091D95C /* SceneDelegate.m */; };
		3F8AE3282AA785A40091D95C /* ViewController.m in Sources */ = {isa = PBXBuildFile; fileRef = 3F8AE3272AA785A40091D95C /* ViewController.m */; };
		3F8AE32B2AA785A40091D95C /* Main.storyboard in Resources */ = {isa = PBXBuildFile; fileRef = 3F8AE3292AA785A40091D95C /* Main.storyboard */; };
		3F8AE32D2AA785A50091D95C /* Assets.xcassets in Resources */ = {isa = PBXBuildFile; fileRef = 3F8AE32C2AA785A50091D95C /* Assets.xcassets */; };
		3F8AE3302AA785A50091D95C /* LaunchScreen.storyboard in Resources */ = {isa = PBXBuildFile; fileRef = 3F8AE32E2AA785A50091D95C /* LaunchScreen.storyboard */; };
		3F8AE3332AA785A50091D95C /* main.m in Sources */ = {isa = PBXBuildFile; fileRef = 3F8AE3322AA785A50091D95C /* main.m */; };
		6FD346AFF8862DD1952A2D15 /* libPods-demo-SDWebImage.a in Frameworks */ = {isa = PBXBuildFile; fileRef = 7307C308DF00D4524AF63096 /* libPods-demo-SDWebImage.a */; };
/* End PBXBuildFile section */

/* Begin PBXFileReference section */
		3F8AE31E2AA785A40091D95C /* demo-SDWebImage.app */ = {isa = PBXFileReference; explicitFileType = wrapper.application; includeInIndex = 0; path = "demo-SDWebImage.app"; sourceTree = BUILT_PRODUCTS_DIR; };
		3F8AE3202AA785A40091D95C /* AppDelegate.h */ = {isa = PBXFileReference; lastKnownFileType = sourcecode.c.h; path = AppDelegate.h; sourceTree = "<group>"; };
		3F8AE3212AA785A40091D95C /* AppDelegate.m */ = {isa = PBXFileReference; lastKnownFileType = sourcecode.c.objc; path = AppDelegate.m; sourceTree = "<group>"; };
		3F8AE3232AA785A40091D95C /* SceneDelegate.h */ = {isa = PBXFileReference; lastKnownFileType = sourcecode.c.h; path = SceneDelegate.h; sourceTree = "<group>"; };
		3F8AE3242AA785A40091D95C /* SceneDelegate.m */ = {isa = PBXFileReference; lastKnownFileType = sourcecode.c.objc; path = SceneDelegate.m; sourceTree = "<group>"; };
		3F8AE3262AA785A40091D95C /* ViewController.h */ = {isa = PBXFileReference; lastKnownFileType = sourcecode.c.h; path = ViewController.h; sourceTree = "<group>"; };
		3F8AE3272AA785A40091D95C /* ViewController.m */ = {isa = PBXFileReference; lastKnownFileType = sourcecode.c.objc; path = ViewController.m; sourceTree = "<group>"; };
		3F8AE32A2AA785A40091D95C /* Base */ = {isa = PBXFileReference; lastKnownFileType = file.storyboard; name = Base; path = Base.lproj/Main.storyboard; sourceTree = "<group>"; };
		3F8AE32C2AA785A50091D95C /* Assets.xcassets */ = {isa = PBXFileReference; lastKnownFileType = folder.assetcatalog; path = Assets.xcassets; sourceTree = "<group>"; };
		3F8AE32F2AA785A50091D95C /* Base */ = {isa = PBXFileReference; lastKnownFileType = file.storyboard; name = Base; path = Base.lproj/LaunchScreen.storyboard; sourceTree = "<group>"; };
		3F8AE3312AA785A50091D95C /* Info.plist */ = {isa = PBXFileReference; lastKnownFileType = text.plist.xml; path = Info.plist; sourceTree = "<group>"; };
		3F8AE3322AA785A50091D95C /* main.m */ = {isa = PBXFileReference; lastKnownFileType = sourcecode.c.objc; path = main.m; sourceTree = "<group>"; };
		7307C308DF00D4524AF63096 /* libPods-demo-SDWebImage.a */ = {isa = PBXFileReference; explicitFileType = archive.ar; includeInIndex = 0; path = "libPods-demo-SDWebImage.a"; sourceTree = BUILT_PRODUCTS_DIR; };
		81059A470D5567D0A6404FF9 /* Pods-demo-SDWebImage.debug.xcconfig */ = {isa = PBXFileReference; includeInIndex = 1; lastKnownFileType = text.xcconfig; name = "Pods-demo-SDWebImage.debug.xcconfig"; path = "Target Support Files/Pods-demo-SDWebImage/Pods-demo-SDWebImage.debug.xcconfig"; sourceTree = "<group>"; };
		F7B7A1A143E4D8E1227B862B /* Pods-demo-SDWebImage.release.xcconfig */ = {isa = PBXFileReference; includeInIndex = 1; lastKnownFileType = text.xcconfig; name = "Pods-demo-SDWebImage.release.xcconfig"; path = "Target Support Files/Pods-demo-SDWebImage/Pods-demo-SDWebImage.release.xcconfig"; sourceTree = "<group>"; };
/* End PBXFileReference section */

/* Begin PBXFrameworksBuildPhase section */
		3F8AE31B2AA785A40091D95C /* Frameworks */ = {
			isa = PBXFrameworksBuildPhase;
			buildActionMask = 2147483647;
			files = (
				6FD346AFF8862DD1952A2D15 /* libPods-demo-SDWebImage.a in Frameworks */,
			);
			runOnlyForDeploymentPostprocessing = 0;
		};
/* End PBXFrameworksBuildPhase section */

/* Begin PBXGroup section */
		06BD74436104F307B87F0681 /* Pods */ = {
			isa = PBXGroup;
			children = (
				81059A470D5567D0A6404FF9 /* Pods-demo-SDWebImage.debug.xcconfig */,
				F7B7A1A143E4D8E1227B862B /* Pods-demo-SDWebImage.release.xcconfig */,
			);
			path = Pods;
			sourceTree = "<group>";
		};
		27E384D3FF04E33050174CE1 /* Frameworks */ = {
			isa = PBXGroup;
			children = (
				7307C308DF00D4524AF63096 /* libPods-demo-SDWebImage.a */,
			);
			name = Frameworks;
			sourceTree = "<group>";
		};
		3F8AE2F52AA7838F0091D95C = {
			isa = PBXGroup;
			children = (
				3F8AE31F2AA785A40091D95C /* demo-SDWebImage */,
				3F8AE2FF2AA7838F0091D95C /* Products */,
				06BD74436104F307B87F0681 /* Pods */,
				27E384D3FF04E33050174CE1 /* Frameworks */,
			);
			sourceTree = "<group>";
		};
		3F8AE2FF2AA7838F0091D95C /* Products */ = {
			isa = PBXGroup;
			children = (
				3F8AE31E2AA785A40091D95C /* demo-SDWebImage.app */,
			);
			name = Products;
			sourceTree = "<group>";
		};
		3F8AE31F2AA785A40091D95C /* demo-SDWebImage */ = {
			isa = PBXGroup;
			children = (
				3F8AE3202AA785A40091D95C /* AppDelegate.h */,
				3F8AE3212AA785A40091D95C /* AppDelegate.m */,
				3F8AE3232AA785A40091D95C /* SceneDelegate.h */,
				3F8AE3242AA785A40091D95C /* SceneDelegate.m */,
				3F8AE3262AA785A40091D95C /* ViewController.h */,
				3F8AE3272AA785A40091D95C /* ViewController.m */,
				3F8AE3292AA785A40091D95C /* Main.storyboard */,
				3F8AE32C2AA785A50091D95C /* Assets.xcassets */,
				3F8AE32E2AA785A50091D95C /* LaunchScreen.storyboard */,
				3F8AE3312AA785A50091D95C /* Info.plist */,
				3F8AE3322AA785A50091D95C /* main.m */,
			);
			path = "demo-SDWebImage";
			sourceTree = "<group>";
		};
/* End PBXGroup section */

/* Begin PBXNativeTarget section */
		3F8AE31D2AA785A40091D95C /* demo-SDWebImage */ = {
			isa = PBXNativeTarget;
			buildConfigurationList = 3F8AE3342AA785A50091D95C /* Build configuration list for PBXNativeTarget "demo-SDWebImage" */;
			buildPhases = (
				AB509311BE03C238A44711AE /* [CP] Check Pods Manifest.lock */,
				3F8AE31A2AA785A40091D95C /* Sources */,
				3F8AE31B2AA785A40091D95C /* Frameworks */,
				3F8AE31C2AA785A40091D95C /* Resources */,
			);
			buildRules = (
			);
			dependencies = (
			);
			name = "demo-SDWebImage";
			productName = "demo-SDWebImage";
			productReference = 3F8AE31E2AA785A40091D95C /* demo-SDWebImage.app */;
			productType = "com.apple.product-type.application";
		};
/* End PBXNativeTarget section */

/* Begin PBXProject section */
		3F8AE2F62AA7838F0091D95C /* Project object */ = {
			isa = PBXProject;
			attributes = {
				BuildIndependentTargetsInParallel = 1;
				LastUpgradeCheck = 1430;
				TargetAttributes = {
					3F8AE31D2AA785A40091D95C = {
						CreatedOnToolsVersion = 14.3;
					};
				};
			};
			buildConfigurationList = 3F8AE2F92AA7838F0091D95C /* Build configuration list for PBXProject "iOSFrameworks" */;
			compatibilityVersion = "Xcode 14.0";
			developmentRegion = en;
			hasScannedForEncodings = 0;
			knownRegions = (
				en,
				Base,
			);
			mainGroup = 3F8AE2F52AA7838F0091D95C;
			productRefGroup = 3F8AE2FF2AA7838F0091D95C /* Products */;
			projectDirPath = "";
			projectRoot = "";
			targets = (
				3F8AE31D2AA785A40091D95C /* demo-SDWebImage */,
			);
		};
/* End PBXProject section */

/* Begin PBXResourcesBuildPhase section */
		3F8AE31C2AA785A40091D95C /* Resources */ = {
			isa = PBXResourcesBuildPhase;
			buildActionMask = 2147483647;
			files = (
				3F8AE3302AA785A50091D95C /* LaunchScreen.storyboard in Resources */,
				3F8AE32D2AA785A50091D95C /* Assets.xcassets in Resources */,
				3F8AE32B2AA785A40091D95C /* Main.storyboard in Resources */,
			);
			runOnlyForDeploymentPostprocessing = 0;
		};
/* End PBXResourcesBuildPhase section */

/* Begin PBXShellScriptBuildPhase section */
		AB509311BE03C238A44711AE /* [CP] Check Pods Manifest.lock */ = {
			isa = PBXShellScriptBuildPhase;
			buildActionMask = 2147483647;
			files = (
			);
			inputFileListPaths = (
			);
			inputPaths = (
				"${PODS_PODFILE_DIR_PATH}/Podfile.lock",
				"${PODS_ROOT}/Manifest.lock",
			);
			name = "[CP] Check Pods Manifest.lock";
			outputFileListPaths = (
			);
			outputPaths = (
				"$(DERIVED_FILE_DIR)/Pods-demo-SDWebImage-checkManifestLockResult.txt",
			);
			runOnlyForDeploymentPostprocessing = 0;
			shellPath = /bin/sh;
			shellScript = "diff \"${PODS_PODFILE_DIR_PATH}/Podfile.lock\" \"${PODS_ROOT}/Manifest.lock\" > /dev/null\nif [ $? != 0 ] ; then\n    # print error to STDERR\n    echo \"error: The sandbox is not in sync with the Podfile.lock. Run 'pod install' or update your CocoaPods installation.\" >&2\n    exit 1\nfi\n# This output is used by Xcode 'outputs' to avoid re-running this script phase.\necho \"SUCCESS\" > \"${SCRIPT_OUTPUT_FILE_0}\"\n";
			showEnvVarsInLog = 0;
		};
/* End PBXShellScriptBuildPhase section */

/* Begin PBXSourcesBuildPhase section */
		3F8AE31A2AA785A40091D95C /* Sources */ = {
			isa = PBXSourcesBuildPhase;
			buildActionMask = 2147483647;
			files = (
				3F8AE3282AA785A40091D95C /* ViewController.m in Sources */,
				3F8AE3222AA785A40091D95C /* AppDelegate.m in Sources */,
				3F8AE3332AA785A50091D95C /* main.m in Sources */,
				3F8AE3252AA785A40091D95C /* SceneDelegate.m in Sources */,
			);
			runOnlyForDeploymentPostprocessing = 0;
		};
/* End PBXSourcesBuildPhase section */

/* Begin PBXVariantGroup section */
		3F8AE3292AA785A40091D95C /* Main.storyboard */ = {
			isa = PBXVariantGroup;
			children = (
				3F8AE32A2AA785A40091D95C /* Base */,
			);
			name = Main.storyboard;
			sourceTree = "<group>";
		};
		3F8AE32E2AA785A50091D95C /* LaunchScreen.storyboard */ = {
			isa = PBXVariantGroup;
			children = (
				3F8AE32F2AA785A50091D95C /* Base */,
			);
			name = LaunchScreen.storyboard;
			sourceTree = "<group>";
		};
/* End PBXVariantGroup section */

/* Begin XCBuildConfiguration section */
		3F8AE3152AA7838F0091D95C /* Debug */ = {
			isa = XCBuildConfiguration;
			buildSettings = {
				ALWAYS_SEARCH_USER_PATHS = NO;
				CLANG_ANALYZER_NONNULL = YES;
				CLANG_ANALYZER_NUMBER_OBJECT_CONVERSION = YES_AGGRESSIVE;
				CLANG_CXX_LANGUAGE_STANDARD = "gnu++20";
				CLANG_ENABLE_MODULES = YES;
				CLANG_ENABLE_OBJC_ARC = YES;
				CLANG_ENABLE_OBJC_WEAK = YES;
				CLANG_WARN_BLOCK_CAPTURE_AUTORELEASING = YES;
				CLANG_WARN_BOOL_CONVERSION = YES;
				CLANG_WARN_COMMA = YES;
				CLANG_WARN_CONSTANT_CONVERSION = YES;
				CLANG_WARN_DEPRECATED_OBJC_IMPLEMENTATIONS = YES;
				CLANG_WARN_DIRECT_OBJC_ISA_USAGE = YES_ERROR;
				CLANG_WARN_DOCUMENTATION_COMMENTS = YES;
				CLANG_WARN_EMPTY_BODY = YES;
				CLANG_WARN_ENUM_CONVERSION = YES;
				CLANG_WARN_INFINITE_RECURSION = YES;
				CLANG_WARN_INT_CONVERSION = YES;
				CLANG_WARN_NON_LITERAL_NULL_CONVERSION = YES;
				CLANG_WARN_OBJC_IMPLICIT_RETAIN_SELF = YES;
				CLANG_WARN_OBJC_LITERAL_CONVERSION = YES;
				CLANG_WARN_OBJC_ROOT_CLASS = YES_ERROR;
				CLANG_WARN_QUOTED_INCLUDE_IN_FRAMEWORK_HEADER = YES;
				CLANG_WARN_RANGE_LOOP_ANALYSIS = YES;
				CLANG_WARN_STRICT_PROTOTYPES = YES;
				CLANG_WARN_SUSPICIOUS_MOVE = YES;
				CLANG_WARN_UNGUARDED_AVAILABILITY = YES_AGGRESSIVE;
				CLANG_WARN_UNREACHABLE_CODE = YES;
				CLANG_WARN__DUPLICATE_METHOD_MATCH = YES;
				COPY_PHASE_STRIP = NO;
				DEBUG_INFORMATION_FORMAT = dwarf;
				ENABLE_STRICT_OBJC_MSGSEND = YES;
				ENABLE_TESTABILITY = YES;
				GCC_C_LANGUAGE_STANDARD = gnu11;
				GCC_DYNAMIC_NO_PIC = NO;
				GCC_NO_COMMON_BLOCKS = YES;
				GCC_OPTIMIZATION_LEVEL = 0;
				GCC_PREPROCESSOR_DEFINITIONS = (
					"DEBUG=1",
					"$(inherited)",
				);
				GCC_WARN_64_TO_32_BIT_CONVERSION = YES;
				GCC_WARN_ABOUT_RETURN_TYPE = YES_ERROR;
				GCC_WARN_UNDECLARED_SELECTOR = YES;
				GCC_WARN_UNINITIALIZED_AUTOS = YES_AGGRESSIVE;
				GCC_WARN_UNUSED_FUNCTION = YES;
				GCC_WARN_UNUSED_VARIABLE = YES;
				IPHONEOS_DEPLOYMENT_TARGET = 16.4;
				MTL_ENABLE_DEBUG_INFO = INCLUDE_SOURCE;
				MTL_FAST_MATH = YES;
				ONLY_ACTIVE_ARCH = YES;
				SDKROOT = iphoneos;
			};
			name = Debug;
		};
		3F8AE3162AA7838F0091D95C /* Release */ = {
			isa = XCBuildConfiguration;
			buildSettings = {
				ALWAYS_SEARCH_USER_PATHS = NO;
				CLANG_ANALYZER_NONNULL = YES;
				CLANG_ANALYZER_NUMBER_OBJECT_CONVERSION = YES_AGGRESSIVE;
				CLANG_CXX_LANGUAGE_STANDARD = "gnu++20";
				CLANG_ENABLE_MODULES = YES;
				CLANG_ENABLE_OBJC_ARC = YES;
				CLANG_ENABLE_OBJC_WEAK = YES;
				CLANG_WARN_BLOCK_CAPTURE_AUTORELEASING = YES;
				CLANG_WARN_BOOL_CONVERSION = YES;
				CLANG_WARN_COMMA = YES;
				CLANG_WARN_CONSTANT_CONVERSION = YES;
				CLANG_WARN_DEPRECATED_OBJC_IMPLEMENTATIONS = YES;
				CLANG_WARN_DIRECT_OBJC_ISA_USAGE = YES_ERROR;
				CLANG_WARN_DOCUMENTATION_COMMENTS = YES;
				CLANG_WARN_EMPTY_BODY = YES;
				CLANG_WARN_ENUM_CONVERSION = YES;
				CLANG_WARN_INFINITE_RECURSION = YES;
				CLANG_WARN_INT_CONVERSION = YES;
				CLANG_WARN_NON_LITERAL_NULL_CONVERSION = YES;
				CLANG_WARN_OBJC_IMPLICIT_RETAIN_SELF = YES;
				CLANG_WARN_OBJC_LITERAL_CONVERSION = YES;
				CLANG_WARN_OBJC_ROOT_CLASS = YES_ERROR;
				CLANG_WARN_QUOTED_INCLUDE_IN_FRAMEWORK_HEADER = YES;
				CLANG_WARN_RANGE_LOOP_ANALYSIS = YES;
				CLANG_WARN_STRICT_PROTOTYPES = YES;
				CLANG_WARN_SUSPICIOUS_MOVE = YES;
				CLANG_WARN_UNGUARDED_AVAILABILITY = YES_AGGRESSIVE;
				CLANG_WARN_UNREACHABLE_CODE = YES;
				CLANG_WARN__DUPLICATE_METHOD_MATCH = YES;
				COPY_PHASE_STRIP = NO;
				DEBUG_INFORMATION_FORMAT = "dwarf-with-dsym";
				ENABLE_NS_ASSERTIONS = NO;
				ENABLE_STRICT_OBJC_MSGSEND = YES;
				GCC_C_LANGUAGE_STANDARD = gnu11;
				GCC_NO_COMMON_BLOCKS = YES;
				GCC_WARN_64_TO_32_BIT_CONVERSION = YES;
				GCC_WARN_ABOUT_RETURN_TYPE = YES_ERROR;
				GCC_WARN_UNDECLARED_SELECTOR = YES;
				GCC_WARN_UNINITIALIZED_AUTOS = YES_AGGRESSIVE;
				GCC_WARN_UNUSED_FUNCTION = YES;
				GCC_WARN_UNUSED_VARIABLE = YES;
				IPHONEOS_DEPLOYMENT_TARGET = 16.4;
				MTL_ENABLE_DEBUG_INFO = NO;
				MTL_FAST_MATH = YES;
				SDKROOT = iphoneos;
				VALIDATE_PRODUCT = YES;
			};
			name = Release;
		};
		3F8AE3352AA785A50091D95C /* Debug */ = {
			isa = XCBuildConfiguration;
			baseConfigurationReference = 81059A470D5567D0A6404FF9 /* Pods-demo-SDWebImage.debug.xcconfig */;
			buildSettings = {
				ASSETCATALOG_COMPILER_APPICON_NAME = AppIcon;
				ASSETCATALOG_COMPILER_GLOBAL_ACCENT_COLOR_NAME = AccentColor;
				CODE_SIGN_STYLE = Automatic;
				CURRENT_PROJECT_VERSION = 1;
				DEVELOPMENT_TEAM = 86JSFRSCH9;
				GENERATE_INFOPLIST_FILE = YES;
				INFOPLIST_FILE = "demo-SDWebImage/Info.plist";
				INFOPLIST_KEY_UIApplicationSupportsIndirectInputEvents = YES;
				INFOPLIST_KEY_UILaunchStoryboardName = LaunchScreen;
				INFOPLIST_KEY_UIMainStoryboardFile = Main;
				INFOPLIST_KEY_UISupportedInterfaceOrientations_iPad = "UIInterfaceOrientationPortrait UIInterfaceOrientationPortraitUpsideDown UIInterfaceOrientationLandscapeLeft UIInterfaceOrientationLandscapeRight";
				INFOPLIST_KEY_UISupportedInterfaceOrientations_iPhone = "UIInterfaceOrientationPortrait UIInterfaceOrientationLandscapeLeft UIInterfaceOrientationLandscapeRight";
				LD_RUNPATH_SEARCH_PATHS = (
					"$(inherited)",
					"@executable_path/Frameworks",
				);
				MARKETING_VERSION = 1.0;
				PRODUCT_BUNDLE_IDENTIFIER = "com.jayying.demo-SDWebImage";
				PRODUCT_NAME = "$(TARGET_NAME)";
				SWIFT_EMIT_LOC_STRINGS = YES;
				TARGETED_DEVICE_FAMILY = "1,2";
			};
			name = Debug;
		};
		3F8AE3362AA785A50091D95C /* Release */ = {
			isa = XCBuildConfiguration;
			baseConfigurationReference = F7B7A1A143E4D8E1227B862B /* Pods-demo-SDWebImage.release.xcconfig */;
			buildSettings = {
				ASSETCATALOG_COMPILER_APPICON_NAME = AppIcon;
				ASSETCATALOG_COMPILER_GLOBAL_ACCENT_COLOR_NAME = AccentColor;
				CODE_SIGN_STYLE = Automatic;
				CURRENT_PROJECT_VERSION = 1;
				DEVELOPMENT_TEAM = 86JSFRSCH9;
				GENERATE_INFOPLIST_FILE = YES;
				INFOPLIST_FILE = "demo-SDWebImage/Info.plist";
				INFOPLIST_KEY_UIApplicationSupportsIndirectInputEvents = YES;
				INFOPLIST_KEY_UILaunchStoryboardName = LaunchScreen;
				INFOPLIST_KEY_UIMainStoryboardFile = Main;
				INFOPLIST_KEY_UISupportedInterfaceOrientations_iPad = "UIInterfaceOrientationPortrait UIInterfaceOrientationPortraitUpsideDown UIInterfaceOrientationLandscapeLeft UIInterfaceOrientationLandscapeRight";
				INFOPLIST_KEY_UISupportedInterfaceOrientations_iPhone = "UIInterfaceOrientationPortrait UIInterfaceOrientationLandscapeLeft UIInterfaceOrientationLandscapeRight";
				LD_RUNPATH_SEARCH_PATHS = (
					"$(inherited)",
					"@executable_path/Frameworks",
				);
				MARKETING_VERSION = 1.0;
				PRODUCT_BUNDLE_IDENTIFIER = "com.jayying.demo-SDWebImage";
				PRODUCT_NAME = "$(TARGET_NAME)";
				SWIFT_EMIT_LOC_STRINGS = YES;
				TARGETED_DEVICE_FAMILY = "1,2";
			};
			name = Release;
		};
/* End XCBuildConfiguration section */

/* Begin XCConfigurationList section */
		3F8AE2F92AA7838F0091D95C /* Build configuration list for PBXProject "iOSFrameworks" */ = {
			isa = XCConfigurationList;
			buildConfigurations = (
				3F8AE3152AA7838F0091D95C /* Debug */,
				3F8AE3162AA7838F0091D95C /* Release */,
			);
			defaultConfigurationIsVisible = 0;
			defaultConfigurationName = Release;
		};
		3F8AE3342AA785A50091D95C /* Build configuration list for PBXNativeTarget "demo-SDWebImage" */ = {
			isa = XCConfigurationList;
			buildConfigurations = (
				3F8AE3352AA785A50091D95C /* Debug */,
				3F8AE3362AA785A50091D95C /* Release */,
			);
			defaultConfigurationIsVisible = 0;
			defaultConfigurationName = Release;
		};
/* End XCConfigurationList section */
	};
	rootObject = 3F8AE2F62AA7838F0091D95C /* Project object */;
}
